
Microsoft Visual Studio Solution File, Format Version 11.00
# Visual Studio 2010
Project("{FAE04EC0-301F-11D3-BF4B-00C04F79EFBC}") = "Assembly-CSharp", "Assembly-CSharp.csproj", "{B020A47F-777B-1D54-B620-046ADB1F262A}"
EndProject
Project("{FAE04EC0-301F-11D3-BF4B-00C04F79EFBC}") = "Oculus.VR", "Oculus.VR.csproj", "{4C08AAFB-AA56-18E7-6254-BDACA336A97D}"
EndProject
Project("{FAE04EC0-301F-11D3-BF4B-00C04F79EFBC}") = "Oculus.Platform", "Oculus.Platform.csproj", "{A1B9089A-55EC-E6E6-07B0-0FE091A7EF13}"
EndProject
Project("{FAE04EC0-301F-11D3-BF4B-00C04F79EFBC}") = "Assembly-CSharp-Editor", "Assembly-CSharp-Editor.csproj", "{FA4BC2BC-2D35-A39D-A3E3-B367A8BE9FAA}"
EndProject
Project("{FAE04EC0-301F-11D3-BF4B-00C04F79EFBC}") = "Oculus.VR.Scripts.Editor", "Oculus.VR.Scripts.Editor.csproj", "{125D37FA-4CD6-9372-64A8-4B45D53FA694}"
EndProject
Project("{FAE04EC0-301F-11D3-BF4B-00C04F79EFBC}") = "Oculus.VR.Editor", "Oculus.VR.Editor.csproj", "{4EB06B8F-5C47-50A0-9CF9-47BFA69C3288}"
EndProject
Project("{FAE04EC0-301F-11D3-BF4B-00C04F79EFBC}") = "Oculus.Platform.Editor", "Oculus.Platform.Editor.csproj", "{6478BAE4-E23F-8045-A1BC-B4E10F637130}"
EndProject
Global
	GlobalSection(SolutionConfigurationPlatforms) = preSolution
		Debug|Any CPU = Debug|Any CPU
		Release|Any CPU = Release|Any CPU
	EndGlobalSection
	GlobalSection(ProjectConfigurationPlatforms) = postSolution
		{B020A47F-777B-1D54-B620-046ADB1F262A}.Debug|Any CPU.ActiveCfg = Debug|Any CPU
		{B020A47F-777B-1D54-B620-046ADB1F262A}.Debug|Any CPU.Build.0 = Debug|Any CPU
		{B020A47F-777B-1D54-B620-046ADB1F262A}.Release|Any CPU.ActiveCfg = Release|Any CPU
		{B020A47F-777B-1D54-B620-046ADB1F262A}.Release|Any CPU.Build.0 = Release|Any CPU
		{4C08AAFB-AA56-18E7-6254-BDACA336A97D}.Debug|Any CPU.ActiveCfg = Debug|Any CPU
		{4C08AAFB-AA56-18E7-6254-BDACA336A97D}.Debug|Any CPU.Build.0 = Debug|Any CPU
		{4C08AAFB-AA56-18E7-6254-BDACA336A97D}.Release|Any CPU.ActiveCfg = Release|Any CPU
		{4C08AAFB-AA56-18E7-6254-BDACA336A97D}.Release|Any CPU.Build.0 = Release|Any CPU
		{A1B9089A-55EC-E6E6-07B0-0FE091A7EF13}.Debug|Any CPU.ActiveCfg = Debug|Any CPU
		{A1B9089A-55EC-E6E6-07B0-0FE091A7EF13}.Debug|Any CPU.Build.0 = Debug|Any CPU
		{A1B9089A-55EC-E6E6-07B0-0FE091A7EF13}.Release|Any CPU.ActiveCfg = Release|Any CPU
		{A1B9089A-55EC-E6E6-07B0-0FE091A7EF13}.Release|Any CPU.Build.0 = Release|Any CPU
		{FA4BC2BC-2D35-A39D-A3E3-B367A8BE9FAA}.Debug|Any CPU.ActiveCfg = Debug|Any CPU
		{FA4BC2BC-2D35-A39D-A3E3-B367A8BE9FAA}.Debug|Any CPU.Build.0 = Debug|Any CPU
		{FA4BC2BC-2D35-A39D-A3E3-B367A8BE9FAA}.Release|Any CPU.ActiveCfg = Release|Any CPU
		{FA4BC2BC-2D35-A39D-A3E3-B367A8BE9FAA}.Release|Any CPU.Build.0 = Release|Any CPU
		{125D37FA-4CD6-9372-64A8-4B45D53FA694}.Debug|Any CPU.ActiveCfg = Debug|Any CPU
		{125D37FA-4CD6-9372-64A8-4B45D53FA694}.Debug|Any CPU.Build.0 = Debug|Any CPU
		{125D37FA-4CD6-9372-64A8-4B45D53FA694}.Release|Any CPU.ActiveCfg = Release|Any CPU
		{125D37FA-4CD6-9372-64A8-4B45D53FA694}.Release|Any CPU.Build.0 = Release|Any CPU
		{4EB06B8F-5C47-50A0-9CF9-47BFA69C3288}.Debug|Any CPU.ActiveCfg = Debug|Any CPU
		{4EB06B8F-5C47-50A0-9CF9-47BFA69C3288}.Debug|Any CPU.Build.0 = Debug|Any CPU
		{4EB06B8F-5C47-50A0-9CF9-47BFA69C3288}.Release|Any CPU.ActiveCfg = Release|Any CPU
		{4EB06B8F-5C47-50A0-9CF9-47BFA69C3288}.Release|Any CPU.Build.0 = Release|Any CPU
		{6478BAE4-E23F-8045-A1BC-B4E10F637130}.Debug|Any CPU.ActiveCfg = Debug|Any CPU
		{6478BAE4-E23F-8045-A1BC-B4E10F637130}.Debug|Any CPU.Build.0 = Debug|Any CPU
		{6478BAE4-E23F-8045-A1BC-B4E10F637130}.Release|Any CPU.ActiveCfg = Release|Any CPU
		{6478BAE4-E23F-8045-A1BC-B4E10F637130}.Release|Any CPU.Build.0 = Release|Any CPU
	EndGlobalSection
	GlobalSection(SolutionProperties) = preSolution
		HideSolutionNode = FALSE
	EndGlobalSection
EndGlobal
